
Microsoft Visual Studio Solution File, Format Version 12.00
# Visual Studio Version 17
VisualStudioVersion = 17.7.34024.191
MinimumVisualStudioVersion = 10.0.40219.1
Project("{9A19103F-16F7-4668-BE54-9A1E7A4F7556}") = "SocialNetwork", "SocialNetwork\SocialNetwork.csproj", "{18F23EE9-8C4E-4449-B39A-2ADEDC64CC19}"
EndProject
Project("{9A19103F-16F7-4668-BE54-9A1E7A4F7556}") = "SocialNetwork.Tests", "SocialNetwork.Tests\SocialNetwork.Tests.csproj", "{819A4567-9ACA-4637-90A1-BD212107B458}"
EndProject
Global
	GlobalSection(SolutionConfigurationPlatforms) = preSolution
		Debug|Any CPU = Debug|Any CPU
		Release|Any CPU = Release|Any CPU
	EndGlobalSection
	GlobalSection(ProjectConfigurationPlatforms) = postSolution
		{18F23EE9-8C4E-4449-B39A-2ADEDC64CC19}.Debug|Any CPU.ActiveCfg = Debug|Any CPU
		{18F23EE9-8C4E-4449-B39A-2ADEDC64CC19}.Debug|Any CPU.Build.0 = Debug|Any CPU
		{18F23EE9-8C4E-4449-B39A-2ADEDC64CC19}.Release|Any CPU.ActiveCfg = Release|Any CPU
		{18F23EE9-8C4E-4449-B39A-2ADEDC64CC19}.Release|Any CPU.Build.0 = Release|Any CPU
		{819A4567-9ACA-4637-90A1-BD212107B458}.Debug|Any CPU.ActiveCfg = Debug|Any CPU
		{819A4567-9ACA-4637-90A1-BD212107B458}.Debug|Any CPU.Build.0 = Debug|Any CPU
		{819A4567-9ACA-4637-90A1-BD212107B458}.Release|Any CPU.ActiveCfg = Release|Any CPU
		{819A4567-9ACA-4637-90A1-BD212107B458}.Release|Any CPU.Build.0 = Release|Any CPU
	EndGlobalSection
	GlobalSection(SolutionProperties) = preSolution
		HideSolutionNode = FALSE
	EndGlobalSection
	GlobalSection(ExtensibilityGlobals) = postSolution
		SolutionGuid = {03F87805-F74B-4159-B08A-6E8357255A89}
	EndGlobalSection
EndGlobal
